
Microsoft Visual Studio Solution File, Format Version 12.00
# Visual Studio 15
VisualStudioVersion = 15.0.28307.1000
MinimumVisualStudioVersion = 10.0.40219.1
Project("{8BC9CEB8-8B4A-11D0-8D11-00A0C91BC942}") = "simple_node", "simple_node\simple_node.vcxproj", "{78C5121C-DBC2-4616-A5DF-7CFC723BAE08}"
EndProject
Global
	GlobalSection(SolutionConfigurationPlatforms) = preSolution
		Debug|x64 = Debug|x64
		Debug|x86 = Debug|x86
		Release|x64 = Release|x64
		Release|x86 = Release|x86
	EndGlobalSection
	GlobalSection(ProjectConfigurationPlatforms) = postSolution
		{78C5121C-DBC2-4616-A5DF-7CFC723BAE08}.Debug|x64.ActiveCfg = Debug|x64
		{78C5121C-DBC2-4616-A5DF-7CFC723BAE08}.Debug|x64.Build.0 = Debug|x64
		{78C5121C-DBC2-4616-A5DF-7CFC723BAE08}.Debug|x86.ActiveCfg = Debug|Win32
		{78C5121C-DBC2-4616-A5DF-7CFC723BAE08}.Debug|x86.Build.0 = Debug|Win32
		{78C5121C-DBC2-4616-A5DF-7CFC723BAE08}.Release|x64.ActiveCfg = Release|x64
		{78C5121C-DBC2-4616-A5DF-7CFC723BAE08}.Release|x64.Build.0 = Release|x64
		{78C5121C-DBC2-4616-A5DF-7CFC723BAE08}.Release|x86.ActiveCfg = Release|Win32
		{78C5121C-DBC2-4616-A5DF-7CFC723BAE08}.Release|x86.Build.0 = Release|Win32
	EndGlobalSection
	GlobalSection(SolutionProperties) = preSolution
		HideSolutionNode = FALSE
	EndGlobalSection
	GlobalSection(ExtensibilityGlobals) = postSolution
		SolutionGuid = {086D523F-F082-4A1C-A726-DBA6373B3920}
	EndGlobalSection
EndGlobal
